<?xml version="1.0" encoding="utf-8"?>
<Project ToolsVersion="4.0" xmlns="http://schemas.microsoft.com/developer/msbuild/2003">
  <ItemGroup>
    <Filter Include="UIFramework">
      <UniqueIdentifier>{1940fb85-0315-4c85-a769-4514716f45b6}</UniqueIdentifier>
    </Filter>
    <Filter Include="xEvolAdaptor">
      <UniqueIdentifier>{7b5432b2-1428-4b64-9a88-9f60eee4ec4a}</UniqueIdentifier>
    </Filter>
    <Filter Include="EditorPlugin">
      <UniqueIdentifier>{06491c4c-e9b7-452d-8aca-fc7d87d20f97}</UniqueIdentifier>
    </Filter>
    <Filter Include="Editor">
      <UniqueIdentifier>{39643415-2291-43c1-ae0d-07823ccfb366}</UniqueIdentifier>
    </Filter>
    <Filter Include="Configure">
      <UniqueIdentifier>{7c4564a1-4daa-474e-b790-3bf8c0362b8a}</UniqueIdentifier>
    </Filter>
    <Filter Include="xui">
      <UniqueIdentifier>{aa0cf924-428b-471e-b09d-c3f60897b39a}</UniqueIdentifier>
    </Filter>
    <Filter Include="SceneXMLView">
      <UniqueIdentifier>{8d8ea253-ba15-4e5e-bf6e-b69f58ce469d}</UniqueIdentifier>
    </Filter>
    <Filter Include="operator">
      <UniqueIdentifier>{f8e886e5-4cec-43c9-a926-cfcebf471700}</UniqueIdentifier>
    </Filter>
    <Filter Include="MFCFramework">
      <UniqueIdentifier>{c0cd5f7e-353d-48cb-ad17-7ef76bca60ef}</UniqueIdentifier>
    </Filter>
    <Filter Include="MFCFramework\Header Files">
      <UniqueIdentifier>{93995380-89BD-4b04-88EB-625FBE52EBFB}</UniqueIdentifier>
      <Extensions>h;hpp;hxx;hm;inl;inc;xsd</Extensions>
    </Filter>
    <Filter Include="MFCFramework\Source Files">
      <UniqueIdentifier>{4FC737F1-C7A5-4376-A066-2A32D752A2FF}</UniqueIdentifier>
      <Extensions>cpp;c;cc;cxx;def;odl;idl;hpj;bat;asm;asmx</Extensions>
    </Filter>
    <Filter Include="MFCFramework\Resource Files">
      <UniqueIdentifier>{67DA6AB6-F800-4c08-8B7A-83BB121AAD01}</UniqueIdentifier>
      <Extensions>rc;ico;cur;bmp;dlg;rc2;rct;bin;rgs;gif;jpg;jpeg;jpe;resx;tiff;tif;png;wav</Extensions>
    </Filter>
  </ItemGroup>
  <ItemGroup>
    <ClInclude Include="EditorFramework\MainFrm.h">
      <Filter>MFCFramework\Header Files</Filter>
    </ClInclude>
    <ClInclude Include="EditorFramework\Medusa.h">
      <Filter>MFCFramework\Header Files</Filter>
    </ClInclude>
    <ClInclude Include="EditorFramework\MedusaDoc.h">
      <Filter>MFCFramework\Header Files</Filter>
    </ClInclude>
    <ClInclude Include="Resource.h">
      <Filter>MFCFramework\Header Files</Filter>
    </ClInclude>
    <ClInclude Include="targetver.h">
      <Filter>MFCFramework\Header Files</Filter>
    </ClInclude>
    <ClInclude Include="xEvolEnviroment.h">
      <Filter>xEvolAdaptor</Filter>
    </ClInclude>
    <ClInclude Include="EditorUIPlugin\InsertSceneNodeDlg.h">
      <Filter>EditorPlugin</Filter>
    </ClInclude>
    <ClInclude Include="EditorUIPlugin\MenuBarElement.h">
      <Filter>EditorPlugin</Filter>
    </ClInclude>
    <ClInclude Include="EditorUIPlugin\ModelResLibView.h">
      <Filter>EditorPlugin</Filter>
    </ClInclude>
    <ClInclude Include="EditorUIPlugin\OutlookBar.h">
      <Filter>EditorPlugin</Filter>
    </ClInclude>
    <ClInclude Include="EditorUIPlugin\SceneTreeView.h">
      <Filter>EditorPlugin</Filter>
    </ClInclude>
    <ClInclude Include="EditorUIPlugin\ShellTreeList.h">
      <Filter>EditorPlugin</Filter>
    </ClInclude>
    <ClInclude Include="EditorUIPlugin\TabWindowContainer.h">
      <Filter>EditorPlugin</Filter>
    </ClInclude>
    <ClInclude Include="EditorUIPlugin\ToolBarElement.h">
      <Filter>EditorPlugin</Filter>
    </ClInclude>
    <ClInclude Include="Editor\EditorEnv.h">
      <Filter>Editor</Filter>
    </ClInclude>
    <ClInclude Include="xMedusaApp.h">
      <Filter>Editor</Filter>
    </ClInclude>
    <ClInclude Include="xMedusaEditor.h">
      <Filter>Editor</Filter>
    </ClInclude>
    <ClInclude Include="xMedusaEditorHelper.h">
      <Filter>Editor</Filter>
    </ClInclude>
    <ClInclude Include="Editor\xMedusaEditorImpl.h">
      <Filter>Editor</Filter>
    </ClInclude>
    <ClInclude Include="xui\xuiDemoInfoPannel.h">
      <Filter>xui</Filter>
    </ClInclude>
    <ClInclude Include="SceneXMLView\SceneXMLDoc.h">
      <Filter>SceneXMLView</Filter>
    </ClInclude>
    <ClInclude Include="SceneXMLView\SceneXMLView.h">
      <Filter>SceneXMLView</Filter>
    </ClInclude>
    <ClInclude Include="SceneXMLView\SceneXMLViewFrame.h">
      <Filter>SceneXMLView</Filter>
    </ClInclude>
    <ClInclude Include="Operator\objPlacement.h">
      <Filter>operator</Filter>
    </ClInclude>
    <ClInclude Include="Operator\xSceneSelector.h">
      <Filter>operator</Filter>
    </ClInclude>
    <ClInclude Include="Operator\xTerrainHeightQuery.h">
      <Filter>operator</Filter>
    </ClInclude>
    <ClInclude Include="stdafx.h">
      <Filter>MFCFramework\Header Files</Filter>
    </ClInclude>
    <ClInclude Include="xCameraOperator.h">
      <Filter>xEvolAdaptor</Filter>
    </ClInclude>
    <ClInclude Include="EditorFramework\DockPaneContainer.h">
      <Filter>UIFramework</Filter>
    </ClInclude>
    <ClInclude Include="EditorFramework\RibbonBar.h">
      <Filter>UIFramework</Filter>
    </ClInclude>
    <ClInclude Include="EditorFramework\Splash.h">
      <Filter>UIFramework</Filter>
    </ClInclude>
    <ClInclude Include="EditorFramework\SplashScreenEx.h">
      <Filter>UIFramework</Filter>
    </ClInclude>
  </ItemGroup>
  <ItemGroup>
    <ClCompile Include="EditorFramework\MainFrm.cpp">
      <Filter>MFCFramework\Source Files</Filter>
    </ClCompile>
    <ClCompile Include="EditorFramework\Medusa.cpp">
      <Filter>MFCFramework\Source Files</Filter>
    </ClCompile>
    <ClCompile Include="EditorFramework\MedusaDoc.cpp">
      <Filter>MFCFramework\Source Files</Filter>
    </ClCompile>
    <ClCompile Include="xEvolEnviroment.cpp">
      <Filter>xEvolAdaptor</Filter>
    </ClCompile>
    <ClCompile Include="EditorUIPlugin\InsertSceneNodeDlg.cpp">
      <Filter>EditorPlugin</Filter>
    </ClCompile>
    <ClCompile Include="EditorUIPlugin\MenuBarElement.cpp">
      <Filter>EditorPlugin</Filter>
    </ClCompile>
    <ClCompile Include="EditorUIPlugin\ModelResLibView.cpp">
      <Filter>EditorPlugin</Filter>
    </ClCompile>
    <ClCompile Include="EditorUIPlugin\OutlookBar.cpp">
      <Filter>EditorPlugin</Filter>
    </ClCompile>
    <ClCompile Include="EditorUIPlugin\SceneTreeView.cpp">
      <Filter>EditorPlugin</Filter>
    </ClCompile>
    <ClCompile Include="EditorUIPlugin\ShellTreeList.cpp">
      <Filter>EditorPlugin</Filter>
    </ClCompile>
    <ClCompile Include="EditorUIPlugin\TabWindowContainer.cpp">
      <Filter>EditorPlugin</Filter>
    </ClCompile>
    <ClCompile Include="EditorUIPlugin\ToolBarElement.cpp">
      <Filter>EditorPlugin</Filter>
    </ClCompile>
    <ClCompile Include="DllMain.cpp">
      <Filter>Editor</Filter>
    </ClCompile>
    <ClCompile Include="Editor\EditorEnv.cpp">
      <Filter>Editor</Filter>
    </ClCompile>
    <ClCompile Include="Editor\xMEdUIFactory.cpp">
      <Filter>Editor</Filter>
    </ClCompile>
    <ClCompile Include="Editor\xMEdUIToolbar.cpp">
      <Filter>Editor</Filter>
    </ClCompile>
    <ClCompile Include="xMedusaEditorHelper.cpp">
      <Filter>Editor</Filter>
    </ClCompile>
    <ClCompile Include="Editor\xMedusaEditorImpl.cpp">
      <Filter>Editor</Filter>
    </ClCompile>
    <ClCompile Include="xui\xuiDemoInfoPannel.cpp">
      <Filter>xui</Filter>
    </ClCompile>
    <ClCompile Include="SceneXMLView\SceneXMLDoc.cpp">
      <Filter>SceneXMLView</Filter>
    </ClCompile>
    <ClCompile Include="SceneXMLView\SceneXMLView.cpp">
      <Filter>SceneXMLView</Filter>
    </ClCompile>
    <ClCompile Include="SceneXMLView\SceneXMLViewFrame.cpp">
      <Filter>SceneXMLView</Filter>
    </ClCompile>
    <ClCompile Include="Operator\objPlacement.cpp">
      <Filter>operator</Filter>
    </ClCompile>
    <ClCompile Include="Operator\xSceneSelector.cpp">
      <Filter>operator</Filter>
    </ClCompile>
    <ClCompile Include="Operator\xTerrainHeightQuery.cpp">
      <Filter>operator</Filter>
    </ClCompile>
    <ClCompile Include="stdafx.cpp">
      <Filter>MFCFramework\Source Files</Filter>
    </ClCompile>
    <ClCompile Include="xCameraOperator.cpp">
      <Filter>xEvolAdaptor</Filter>
    </ClCompile>
    <ClCompile Include="EditorFramework\RibbonBar.cpp">
      <Filter>UIFramework</Filter>
    </ClCompile>
    <ClCompile Include="EditorFramework\SplashScreenEx.cpp">
      <Filter>UIFramework</Filter>
    </ClCompile>
    <ClCompile Include="EditorFramework\Splash.cpp">
      <Filter>UIFramework</Filter>
    </ClCompile>
    <ClCompile Include="..\..\..\Plugin\Win32Platform\xWindowMsgConvert.cpp">
      <Filter>UIFramework</Filter>
    </ClCompile>
    <ClCompile Include="EditorFramework\DockPaneContainer.cpp">
      <Filter>UIFramework</Filter>
    </ClCompile>
    <ClCompile Include="EditorFramework\MedusaView.cpp">
      <Filter>MFCFramework\Source Files</Filter>
    </ClCompile>
  </ItemGroup>
  <ItemGroup>
    <None Include="res\buttons.bmp">
      <Filter>MFCFramework\Resource Files</Filter>
    </None>
    <None Include="res\CalendarBar.ico">
      <Filter>MFCFramework\Resource Files</Filter>
    </None>
    <None Include="res\camera_view.bmp">
      <Filter>MFCFramework\Resource Files</Filter>
    </None>
    <None Include="res\filelarge.bmp">
      <Filter>MFCFramework\Resource Files</Filter>
    </None>
    <None Include="res\filesmall.bmp">
      <Filter>MFCFramework\Resource Files</Filter>
    </None>
    <None Include="res\icon1.ico">
      <Filter>MFCFramework\Resource Files</Filter>
    </None>
    <None Include="res\info.bmp">
      <Filter>MFCFramework\Resource Files</Filter>
    </None>
    <None Include="res\main.bmp">
      <Filter>MFCFramework\Resource Files</Filter>
    </None>
    <None Include="res\mainfram.bmp">
      <Filter>MFCFramework\Resource Files</Filter>
    </None>
    <None Include="res\Medusa.ico">
      <Filter>MFCFramework\Resource Files</Filter>
    </None>
    <None Include="res\Medusa.rc2">
      <Filter>MFCFramework\Resource Files</Filter>
    </None>
    <None Include="res\MedusaDoc.ico">
      <Filter>MFCFramework\Resource Files</Filter>
    </None>
    <None Include="res\menuimages.bmp">
      <Filter>MFCFramework\Resource Files</Filter>
    </None>
    <None Include="res\menuimages_hc.bmp">
      <Filter>MFCFramework\Resource Files</Filter>
    </None>
    <None Include="res\model_view_hc.ico">
      <Filter>MFCFramework\Resource Files</Filter>
    </None>
    <None Include="res\modelreslib.bmp">
      <Filter>MFCFramework\Resource Files</Filter>
    </None>
    <None Include="res\modelreslibview.bmp">
      <Filter>MFCFramework\Resource Files</Filter>
    </None>
    <None Include="res\modelresview.bmp">
      <Filter>MFCFramework\Resource Files</Filter>
    </None>
    <None Include="res\nav_large.bmp">
      <Filter>MFCFramework\Resource Files</Filter>
    </None>
    <None Include="res\nav_large_hc.bmp">
      <Filter>MFCFramework\Resource Files</Filter>
    </None>
    <None Include="res\pages.bmp">
      <Filter>MFCFramework\Resource Files</Filter>
    </None>
    <None Include="res\pages_hc.bmp">
      <Filter>MFCFramework\Resource Files</Filter>
    </None>
    <None Include="res\pages_small.bmp">
      <Filter>MFCFramework\Resource Files</Filter>
    </None>
    <None Include="res\pages_small_hc.bmp">
      <Filter>MFCFramework\Resource Files</Filter>
    </None>
    <None Include="res\properties.bmp">
      <Filter>MFCFramework\Resource Files</Filter>
    </None>
    <None Include="res\properties_hc.bmp">
      <Filter>MFCFramework\Resource Files</Filter>
    </None>
    <None Include="res\properties_wnd.ico">
      <Filter>MFCFramework\Resource Files</Filter>
    </None>
    <None Include="res\properties_wnd_hc.ico">
      <Filter>MFCFramework\Resource Files</Filter>
    </None>
    <None Include="res\scene_tree_view.bmp">
      <Filter>MFCFramework\Resource Files</Filter>
    </None>
    <None Include="res\scene_treeview.ico">
      <Filter>MFCFramework\Resource Files</Filter>
    </None>
    <None Include="res\scenePlacement.bmp">
      <Filter>MFCFramework\Resource Files</Filter>
    </None>
    <None Include="res\scenetreeview.bmp">
      <Filter>MFCFramework\Resource Files</Filter>
    </None>
    <None Include="res\shelltreer.ico">
      <Filter>MFCFramework\Resource Files</Filter>
    </None>
    <None Include="res\Toolbar.bmp">
      <Filter>MFCFramework\Resource Files</Filter>
    </None>
    <None Include="res\Toolbar256.bmp">
      <Filter>MFCFramework\Resource Files</Filter>
    </None>
    <None Include="res\writelarge.bmp">
      <Filter>MFCFramework\Resource Files</Filter>
    </None>
    <None Include="res\writesmall.bmp">
      <Filter>MFCFramework\Resource Files</Filter>
    </None>
    <None Include="..\..\..\bin\Medusa\Configure\system.xml">
      <Filter>Configure</Filter>
    </None>
    <None Include="..\..\..\bin\Medusa\Configure\uidef.xml">
      <Filter>Configure</Filter>
    </None>
    <None Include="..\..\..\bin\Medusa\Language\zh_CN.xml">
      <Filter>Configure</Filter>
    </None>
    <None Include="..\..\..\bin\Medusa\xui\comonctrl.xml">
      <Filter>xui</Filter>
    </None>
    <None Include="..\..\..\bin\Medusa\xui\infopanel.xml">
      <Filter>xui</Filter>
    </None>
    <None Include="..\..\..\bin\Medusa\xui\cameraInfo.xml">
      <Filter>xui</Filter>
    </None>
    <None Include="res\ribbon1.mfcribbon-ms" />
  </ItemGroup>
  <ItemGroup>
    <ResourceCompile Include="Medusa.rc">
      <Filter>MFCFramework\Resource Files</Filter>
    </ResourceCompile>
  </ItemGroup>
</Project>